// !$*UTF8*$!
{
	archiveVersion = 1;
	classes = {
	};
	objectVersion = 56;
	objects = {

/* Begin PBXBuildFile section */
		FED8A9B529D5A82E00457F14 /* PeterJourneyApp.swift in Sources */ = {isa = PBXBuildFile; fileRef = FED8A9B429D5A82E00457F14 /* PeterJourneyApp.swift */; };
		FED8A9BB29D5A82E00457F14 /* MazeScene.swift in Sources */ = {isa = PBXBuildFile; fileRef = FED8A9BA29D5A82E00457F14 /* MazeScene.swift */; };
		FED8A9BD29D5A82E00457F14 /* MazeView.swift in Sources */ = {isa = PBXBuildFile; fileRef = FED8A9BC29D5A82E00457F14 /* MazeView.swift */; };
		FED8A9C229D5A82F00457F14 /* Assets.xcassets in Resources */ = {isa = PBXBuildFile; fileRef = FED8A9C129D5A82F00457F14 /* Assets.xcassets */; };
		FED8A9C529D5A82F00457F14 /* LaunchScreen.storyboard in Resources */ = {isa = PBXBuildFile; fileRef = FED8A9C329D5A82F00457F14 /* LaunchScreen.storyboard */; };
		FED8A9D629D5AD2F00457F14 /* CircleNode.swift in Sources */ = {isa = PBXBuildFile; fileRef = FED8A9D529D5AD2F00457F14 /* CircleNode.swift */; };
		FED8A9D829D5AD7F00457F14 /* Maze.swift in Sources */ = {isa = PBXBuildFile; fileRef = FED8A9D729D5AD7F00457F14 /* Maze.swift */; };
/* End PBXBuildFile section */

/* Begin PBXFileReference section */
		FED8A9B129D5A82E00457F14 /* A Peter's Journey.app */ = {isa = PBXFileReference; explicitFileType = wrapper.application; includeInIndex = 0; path = "A Peter's Journey.app"; sourceTree = BUILT_PRODUCTS_DIR; };
		FED8A9B429D5A82E00457F14 /* PeterJourneyApp.swift */ = {isa = PBXFileReference; lastKnownFileType = sourcecode.swift; path = PeterJourneyApp.swift; sourceTree = "<group>"; };
		FED8A9BA29D5A82E00457F14 /* MazeScene.swift */ = {isa = PBXFileReference; lastKnownFileType = sourcecode.swift; path = MazeScene.swift; sourceTree = "<group>"; };
		FED8A9BC29D5A82E00457F14 /* MazeView.swift */ = {isa = PBXFileReference; lastKnownFileType = sourcecode.swift; path = MazeView.swift; sourceTree = "<group>"; };
		FED8A9C129D5A82F00457F14 /* Assets.xcassets */ = {isa = PBXFileReference; lastKnownFileType = folder.assetcatalog; path = Assets.xcassets; sourceTree = "<group>"; };
		FED8A9C429D5A82F00457F14 /* Base */ = {isa = PBXFileReference; lastKnownFileType = file.storyboard; name = Base; path = Base.lproj/LaunchScreen.storyboard; sourceTree = "<group>"; };
		FED8A9D529D5AD2F00457F14 /* CircleNode.swift */ = {isa = PBXFileReference; lastKnownFileType = sourcecode.swift; path = CircleNode.swift; sourceTree = "<group>"; };
		FED8A9D729D5AD7F00457F14 /* Maze.swift */ = {isa = PBXFileReference; lastKnownFileType = sourcecode.swift; path = Maze.swift; sourceTree = "<group>"; };
/* End PBXFileReference section */

/* Begin PBXFrameworksBuildPhase section */
		FED8A9AE29D5A82E00457F14 /* Frameworks */ = {
			isa = PBXFrameworksBuildPhase;
			buildActionMask = 2147483647;
			files = (
			);
			runOnlyForDeploymentPostprocessing = 0;
		};
/* End PBXFrameworksBuildPhase section */

/* Begin PBXGroup section */
		FED8A9A829D5A82E00457F14 = {
			isa = PBXGroup;
			children = (
				FED8A9B329D5A82E00457F14 /* A Peter's Journey */,
				FED8A9B229D5A82E00457F14 /* Products */,
			);
			sourceTree = "<group>";
		};
		FED8A9B229D5A82E00457F14 /* Products */ = {
			isa = PBXGroup;
			children = (
				FED8A9B129D5A82E00457F14 /* A Peter's Journey.app */,
			);
			name = Products;
			sourceTree = "<group>";
		};
		FED8A9B329D5A82E00457F14 /* A Peter's Journey */ = {
			isa = PBXGroup;
			children = (
				FED8A9CB29D5A90200457F14 /* Resources */,
				FED8A9CC29D5A91400457F14 /* Application */,
				FED8A9CD29D5A91F00457F14 /* Presentation */,
				FED8A9CE29D5A92900457F14 /* Data */,
				FED8A9CF29D5A93300457F14 /* Domain */,
				FED8A9D029D5A93A00457F14 /* Utils */,
			);
			path = "A Peter's Journey";
			sourceTree = "<group>";
		};
		FED8A9CB29D5A90200457F14 /* Resources */ = {
			isa = PBXGroup;
			children = (
				FED8A9C129D5A82F00457F14 /* Assets.xcassets */,
			);
			path = Resources;
			sourceTree = "<group>";
		};
		FED8A9CC29D5A91400457F14 /* Application */ = {
			isa = PBXGroup;
			children = (
				FED8A9B429D5A82E00457F14 /* PeterJourneyApp.swift */,
				FED8A9C329D5A82F00457F14 /* LaunchScreen.storyboard */,
			);
			path = Application;
			sourceTree = "<group>";
		};
		FED8A9CD29D5A91F00457F14 /* Presentation */ = {
			isa = PBXGroup;
			children = (
				FED8A9D129D5A9DB00457F14 /* Maze */,
			);
			path = Presentation;
			sourceTree = "<group>";
		};
		FED8A9CE29D5A92900457F14 /* Data */ = {
			isa = PBXGroup;
			children = (
			);
			path = Data;
			sourceTree = "<group>";
		};
		FED8A9CF29D5A93300457F14 /* Domain */ = {
			isa = PBXGroup;
			children = (
			);
			path = Domain;
			sourceTree = "<group>";
		};
		FED8A9D029D5A93A00457F14 /* Utils */ = {
			isa = PBXGroup;
			children = (
				FED8A9D529D5AD2F00457F14 /* CircleNode.swift */,
				FED8A9D729D5AD7F00457F14 /* Maze.swift */,
			);
			path = Utils;
			sourceTree = "<group>";
		};
		FED8A9D129D5A9DB00457F14 /* Maze */ = {
			isa = PBXGroup;
			children = (
				FED8A9D929D5B26C00457F14 /* Model */,
				FED8A9D429D5A9F200457F14 /* View */,
				FED8A9D329D5A9EC00457F14 /* Controller */,
				FED8A9D229D5A9E400457F14 /* Scene */,
			);
			path = Maze;
			sourceTree = "<group>";
		};
		FED8A9D229D5A9E400457F14 /* Scene */ = {
			isa = PBXGroup;
			children = (
				FED8A9BA29D5A82E00457F14 /* MazeScene.swift */,
			);
			path = Scene;
			sourceTree = "<group>";
		};
		FED8A9D329D5A9EC00457F14 /* Controller */ = {
			isa = PBXGroup;
			children = (
			);
			path = Controller;
			sourceTree = "<group>";
		};
		FED8A9D429D5A9F200457F14 /* View */ = {
			isa = PBXGroup;
			children = (
				FED8A9BC29D5A82E00457F14 /* MazeView.swift */,
			);
			path = View;
			sourceTree = "<group>";
		};
		FED8A9D929D5B26C00457F14 /* Model */ = {
			isa = PBXGroup;
			children = (
			);
			path = Model;
			sourceTree = "<group>";
		};
/* End PBXGroup section */

/* Begin PBXNativeTarget section */
		FED8A9B029D5A82E00457F14 /* A Peter's Journey */ = {
			isa = PBXNativeTarget;
			buildConfigurationList = FED8A9C829D5A82F00457F14 /* Build configuration list for PBXNativeTarget "A Peter's Journey" */;
			buildPhases = (
				FED8A9AD29D5A82E00457F14 /* Sources */,
				FED8A9AE29D5A82E00457F14 /* Frameworks */,
				FED8A9AF29D5A82E00457F14 /* Resources */,
			);
			buildRules = (
			);
			dependencies = (
			);
			name = "A Peter's Journey";
			productName = "A Peter's Journey";
			productReference = FED8A9B129D5A82E00457F14 /* A Peter's Journey.app */;
			productType = "com.apple.product-type.application";
		};
/* End PBXNativeTarget section */

/* Begin PBXProject section */
		FED8A9A929D5A82E00457F14 /* Project object */ = {
			isa = PBXProject;
			attributes = {
				BuildIndependentTargetsInParallel = 1;
				LastSwiftUpdateCheck = 1420;
				LastUpgradeCheck = 1420;
				TargetAttributes = {
					FED8A9B029D5A82E00457F14 = {
						CreatedOnToolsVersion = 14.2;
					};
				};
			};
			buildConfigurationList = FED8A9AC29D5A82E00457F14 /* Build configuration list for PBXProject "A Peter's Journey" */;
			compatibilityVersion = "Xcode 14.0";
			developmentRegion = en;
			hasScannedForEncodings = 0;
			knownRegions = (
				en,
				Base,
			);
			mainGroup = FED8A9A829D5A82E00457F14;
			productRefGroup = FED8A9B229D5A82E00457F14 /* Products */;
			projectDirPath = "";
			projectRoot = "";
			targets = (
				FED8A9B029D5A82E00457F14 /* A Peter's Journey */,
			);
		};
/* End PBXProject section */

/* Begin PBXResourcesBuildPhase section */
		FED8A9AF29D5A82E00457F14 /* Resources */ = {
			isa = PBXResourcesBuildPhase;
			buildActionMask = 2147483647;
			files = (
				FED8A9C229D5A82F00457F14 /* Assets.xcassets in Resources */,
				FED8A9C529D5A82F00457F14 /* LaunchScreen.storyboard in Resources */,
			);
			runOnlyForDeploymentPostprocessing = 0;
		};
/* End PBXResourcesBuildPhase section */

/* Begin PBXSourcesBuildPhase section */
		FED8A9AD29D5A82E00457F14 /* Sources */ = {
			isa = PBXSourcesBuildPhase;
			buildActionMask = 2147483647;
			files = (
				FED8A9BB29D5A82E00457F14 /* MazeScene.swift in Sources */,
				FED8A9BD29D5A82E00457F14 /* MazeView.swift in Sources */,
				FED8A9B529D5A82E00457F14 /* PeterJourneyApp.swift in Sources */,
				FED8A9D629D5AD2F00457F14 /* CircleNode.swift in Sources */,
				FED8A9D829D5AD7F00457F14 /* Maze.swift in Sources */,
			);
			runOnlyForDeploymentPostprocessing = 0;
		};
/* End PBXSourcesBuildPhase section */

/* Begin PBXVariantGroup section */
		FED8A9C329D5A82F00457F14 /* LaunchScreen.storyboard */ = {
			isa = PBXVariantGroup;
			children = (
				FED8A9C429D5A82F00457F14 /* Base */,
			);
			name = LaunchScreen.storyboard;
			sourceTree = "<group>";
		};
/* End PBXVariantGroup section */

/* Begin XCBuildConfiguration section */
		FED8A9C629D5A82F00457F14 /* Debug */ = {
			isa = XCBuildConfiguration;
			buildSettings = {
				ALWAYS_SEARCH_USER_PATHS = NO;
				CLANG_ANALYZER_NONNULL = YES;
				CLANG_ANALYZER_NUMBER_OBJECT_CONVERSION = YES_AGGRESSIVE;
				CLANG_CXX_LANGUAGE_STANDARD = "gnu++20";
				CLANG_ENABLE_MODULES = YES;
				CLANG_ENABLE_OBJC_ARC = YES;
				CLANG_ENABLE_OBJC_WEAK = YES;
				CLANG_WARN_BLOCK_CAPTURE_AUTORELEASING = YES;
				CLANG_WARN_BOOL_CONVERSION = YES;
				CLANG_WARN_COMMA = YES;
				CLANG_WARN_CONSTANT_CONVERSION = YES;
				CLANG_WARN_DEPRECATED_OBJC_IMPLEMENTATIONS = YES;
				CLANG_WARN_DIRECT_OBJC_ISA_USAGE = YES_ERROR;
				CLANG_WARN_DOCUMENTATION_COMMENTS = YES;
				CLANG_WARN_EMPTY_BODY = YES;
				CLANG_WARN_ENUM_CONVERSION = YES;
				CLANG_WARN_INFINITE_RECURSION = YES;
				CLANG_WARN_INT_CONVERSION = YES;
				CLANG_WARN_NON_LITERAL_NULL_CONVERSION = YES;
				CLANG_WARN_OBJC_IMPLICIT_RETAIN_SELF = YES;
				CLANG_WARN_OBJC_LITERAL_CONVERSION = YES;
				CLANG_WARN_OBJC_ROOT_CLASS = YES_ERROR;
				CLANG_WARN_QUOTED_INCLUDE_IN_FRAMEWORK_HEADER = YES;
				CLANG_WARN_RANGE_LOOP_ANALYSIS = YES;
				CLANG_WARN_STRICT_PROTOTYPES = YES;
				CLANG_WARN_SUSPICIOUS_MOVE = YES;
				CLANG_WARN_UNGUARDED_AVAILABILITY = YES_AGGRESSIVE;
				CLANG_WARN_UNREACHABLE_CODE = YES;
				CLANG_WARN__DUPLICATE_METHOD_MATCH = YES;
				COPY_PHASE_STRIP = NO;
				DEBUG_INFORMATION_FORMAT = dwarf;
				ENABLE_STRICT_OBJC_MSGSEND = YES;
				ENABLE_TESTABILITY = YES;
				GCC_C_LANGUAGE_STANDARD = gnu11;
				GCC_DYNAMIC_NO_PIC = NO;
				GCC_NO_COMMON_BLOCKS = YES;
				GCC_OPTIMIZATION_LEVEL = 0;
				GCC_PREPROCESSOR_DEFINITIONS = (
					"DEBUG=1",
					"$(inherited)",
				);
				GCC_WARN_64_TO_32_BIT_CONVERSION = YES;
				GCC_WARN_ABOUT_RETURN_TYPE = YES_ERROR;
				GCC_WARN_UNDECLARED_SELECTOR = YES;
				GCC_WARN_UNINITIALIZED_AUTOS = YES_AGGRESSIVE;
				GCC_WARN_UNUSED_FUNCTION = YES;
				GCC_WARN_UNUSED_VARIABLE = YES;
				IPHONEOS_DEPLOYMENT_TARGET = 16.2;
				MTL_ENABLE_DEBUG_INFO = INCLUDE_SOURCE;
				MTL_FAST_MATH = YES;
				ONLY_ACTIVE_ARCH = YES;
				SDKROOT = iphoneos;
				SWIFT_ACTIVE_COMPILATION_CONDITIONS = DEBUG;
				SWIFT_OPTIMIZATION_LEVEL = "-Onone";
			};
			name = Debug;
		};
		FED8A9C729D5A82F00457F14 /* Release */ = {
			isa = XCBuildConfiguration;
			buildSettings = {
				ALWAYS_SEARCH_USER_PATHS = NO;
				CLANG_ANALYZER_NONNULL = YES;
				CLANG_ANALYZER_NUMBER_OBJECT_CONVERSION = YES_AGGRESSIVE;
				CLANG_CXX_LANGUAGE_STANDARD = "gnu++20";
				CLANG_ENABLE_MODULES = YES;
				CLANG_ENABLE_OBJC_ARC = YES;
				CLANG_ENABLE_OBJC_WEAK = YES;
				CLANG_WARN_BLOCK_CAPTURE_AUTORELEASING = YES;
				CLANG_WARN_BOOL_CONVERSION = YES;
				CLANG_WARN_COMMA = YES;
				CLANG_WARN_CONSTANT_CONVERSION = YES;
				CLANG_WARN_DEPRECATED_OBJC_IMPLEMENTATIONS = YES;
				CLANG_WARN_DIRECT_OBJC_ISA_USAGE = YES_ERROR;
				CLANG_WARN_DOCUMENTATION_COMMENTS = YES;
				CLANG_WARN_EMPTY_BODY = YES;
				CLANG_WARN_ENUM_CONVERSION = YES;
				CLANG_WARN_INFINITE_RECURSION = YES;
				CLANG_WARN_INT_CONVERSION = YES;
				CLANG_WARN_NON_LITERAL_NULL_CONVERSION = YES;
				CLANG_WARN_OBJC_IMPLICIT_RETAIN_SELF = YES;
				CLANG_WARN_OBJC_LITERAL_CONVERSION = YES;
				CLANG_WARN_OBJC_ROOT_CLASS = YES_ERROR;
				CLANG_WARN_QUOTED_INCLUDE_IN_FRAMEWORK_HEADER = YES;
				CLANG_WARN_RANGE_LOOP_ANALYSIS = YES;
				CLANG_WARN_STRICT_PROTOTYPES = YES;
				CLANG_WARN_SUSPICIOUS_MOVE = YES;
				CLANG_WARN_UNGUARDED_AVAILABILITY = YES_AGGRESSIVE;
				CLANG_WARN_UNREACHABLE_CODE = YES;
				CLANG_WARN__DUPLICATE_METHOD_MATCH = YES;
				COPY_PHASE_STRIP = NO;
				DEBUG_INFORMATION_FORMAT = "dwarf-with-dsym";
				ENABLE_NS_ASSERTIONS = NO;
				ENABLE_STRICT_OBJC_MSGSEND = YES;
				GCC_C_LANGUAGE_STANDARD = gnu11;
				GCC_NO_COMMON_BLOCKS = YES;
				GCC_WARN_64_TO_32_BIT_CONVERSION = YES;
				GCC_WARN_ABOUT_RETURN_TYPE = YES_ERROR;
				GCC_WARN_UNDECLARED_SELECTOR = YES;
				GCC_WARN_UNINITIALIZED_AUTOS = YES_AGGRESSIVE;
				GCC_WARN_UNUSED_FUNCTION = YES;
				GCC_WARN_UNUSED_VARIABLE = YES;
				IPHONEOS_DEPLOYMENT_TARGET = 16.2;
				MTL_ENABLE_DEBUG_INFO = NO;
				MTL_FAST_MATH = YES;
				SDKROOT = iphoneos;
				SWIFT_COMPILATION_MODE = wholemodule;
				SWIFT_OPTIMIZATION_LEVEL = "-O";
				VALIDATE_PRODUCT = YES;
			};
			name = Release;
		};
		FED8A9C929D5A82F00457F14 /* Debug */ = {
			isa = XCBuildConfiguration;
			buildSettings = {
				ASSETCATALOG_COMPILER_APPICON_NAME = AppIcon;
				ASSETCATALOG_COMPILER_GLOBAL_ACCENT_COLOR_NAME = AccentColor;
				CODE_SIGN_STYLE = Automatic;
				CURRENT_PROJECT_VERSION = 1;
				DEVELOPMENT_TEAM = DVX5N2U74F;
				GENERATE_INFOPLIST_FILE = YES;
				INFOPLIST_KEY_UIApplicationSupportsIndirectInputEvents = YES;
				INFOPLIST_KEY_UILaunchStoryboardName = LaunchScreen;
				INFOPLIST_KEY_UIStatusBarHidden = YES;
				INFOPLIST_KEY_UISupportedInterfaceOrientations = UIInterfaceOrientationLandscapeRight;
				IPHONEOS_DEPLOYMENT_TARGET = 16.0;
				LD_RUNPATH_SEARCH_PATHS = (
					"$(inherited)",
					"@executable_path/Frameworks",
				);
				MARKETING_VERSION = 1.0;
				PRODUCT_BUNDLE_IDENTIFIER = "robson.A-Peter-s-Journey";
				PRODUCT_NAME = "$(TARGET_NAME)";
				SUPPORTED_PLATFORMS = "iphoneos iphonesimulator";
				SUPPORTS_MACCATALYST = NO;
				SUPPORTS_MAC_DESIGNED_FOR_IPHONE_IPAD = NO;
				SWIFT_EMIT_LOC_STRINGS = YES;
				SWIFT_VERSION = 5.0;
				TARGETED_DEVICE_FAMILY = "1,2";
			};
			name = Debug;
		};
		FED8A9CA29D5A82F00457F14 /* Release */ = {
			isa = XCBuildConfiguration;
			buildSettings = {
				ASSETCATALOG_COMPILER_APPICON_NAME = AppIcon;
				ASSETCATALOG_COMPILER_GLOBAL_ACCENT_COLOR_NAME = AccentColor;
				CODE_SIGN_STYLE = Automatic;
				CURRENT_PROJECT_VERSION = 1;
				DEVELOPMENT_TEAM = DVX5N2U74F;
				GENERATE_INFOPLIST_FILE = YES;
				INFOPLIST_KEY_UIApplicationSupportsIndirectInputEvents = YES;
				INFOPLIST_KEY_UILaunchStoryboardName = LaunchScreen;
				INFOPLIST_KEY_UIStatusBarHidden = YES;
				INFOPLIST_KEY_UISupportedInterfaceOrientations = UIInterfaceOrientationLandscapeRight;
				IPHONEOS_DEPLOYMENT_TARGET = 16.0;
				LD_RUNPATH_SEARCH_PATHS = (
					"$(inherited)",
					"@executable_path/Frameworks",
				);
				MARKETING_VERSION = 1.0;
				PRODUCT_BUNDLE_IDENTIFIER = "robson.A-Peter-s-Journey";
				PRODUCT_NAME = "$(TARGET_NAME)";
				SUPPORTED_PLATFORMS = "iphoneos iphonesimulator";
				SUPPORTS_MACCATALYST = NO;
				SUPPORTS_MAC_DESIGNED_FOR_IPHONE_IPAD = NO;
				SWIFT_EMIT_LOC_STRINGS = YES;
				SWIFT_VERSION = 5.0;
				TARGETED_DEVICE_FAMILY = "1,2";
			};
			name = Release;
		};
/* End XCBuildConfiguration section */

/* Begin XCConfigurationList section */
		FED8A9AC29D5A82E00457F14 /* Build configuration list for PBXProject "A Peter's Journey" */ = {
			isa = XCConfigurationList;
			buildConfigurations = (
				FED8A9C629D5A82F00457F14 /* Debug */,
				FED8A9C729D5A82F00457F14 /* Release */,
			);
			defaultConfigurationIsVisible = 0;
			defaultConfigurationName = Release;
		};
		FED8A9C829D5A82F00457F14 /* Build configuration list for PBXNativeTarget "A Peter's Journey" */ = {
			isa = XCConfigurationList;
			buildConfigurations = (
				FED8A9C929D5A82F00457F14 /* Debug */,
				FED8A9CA29D5A82F00457F14 /* Release */,
			);
			defaultConfigurationIsVisible = 0;
			defaultConfigurationName = Release;
		};
/* End XCConfigurationList section */
	};
	rootObject = FED8A9A929D5A82E00457F14 /* Project object */;
}
