// !$*UTF8*$!
{
	archiveVersion = 1;
	classes = {
	};
	objectVersion = 56;
	objects = {

/* Begin PBXBuildFile section */
		1434F5D929DAFB5B00188C8F /* Maze.swift in Sources */ = {isa = PBXBuildFile; fileRef = FED8A9D729D5AD7F00457F14 /* Maze.swift */; };
		1434F5DA29DAFB5B00188C8F /* Circle3D.swift in Sources */ = {isa = PBXBuildFile; fileRef = 146B2B0E29D70E7100DFB563 /* Circle3D.swift */; };
		1434F5DB29DAFB5B00188C8F /* SphereSKNode.swift in Sources */ = {isa = PBXBuildFile; fileRef = 146B2B1029D70EBE00DFB563 /* SphereSKNode.swift */; };
		1434F5DC29DAFB5B00188C8F /* CircleNode.swift in Sources */ = {isa = PBXBuildFile; fileRef = FED8A9D529D5AD2F00457F14 /* CircleNode.swift */; };
		1434F5DF29DAFFFC00188C8F /* MazeTest.swift in Sources */ = {isa = PBXBuildFile; fileRef = 1434F5DE29DAFFFC00188C8F /* MazeTest.swift */; };
		1434F5E129DB10FE00188C8F /* Circle3DTest.swift in Sources */ = {isa = PBXBuildFile; fileRef = 1434F5E029DB10FE00188C8F /* Circle3DTest.swift */; };
		1434F5E329DB16A800188C8F /* SphereSKNodeTest.swift in Sources */ = {isa = PBXBuildFile; fileRef = 1434F5E229DB16A800188C8F /* SphereSKNodeTest.swift */; };
		146B2B0F29D70E7100DFB563 /* Circle3D.swift in Sources */ = {isa = PBXBuildFile; fileRef = 146B2B0E29D70E7100DFB563 /* Circle3D.swift */; };
		146B2B1129D70EBE00DFB563 /* SphereSKNode.swift in Sources */ = {isa = PBXBuildFile; fileRef = 146B2B1029D70EBE00DFB563 /* SphereSKNode.swift */; };
		146B2B1329D7136D00DFB563 /* MazeScene.swift in Sources */ = {isa = PBXBuildFile; fileRef = 146B2B1229D7136D00DFB563 /* MazeScene.swift */; };
		146B2B1B29D71F4A00DFB563 /* CircleNodeTest.swift in Sources */ = {isa = PBXBuildFile; fileRef = 146B2B1A29D71F4A00DFB563 /* CircleNodeTest.swift */; };
		146B2B2229D722D300DFB563 /* MazeScene.swift in Sources */ = {isa = PBXBuildFile; fileRef = 146B2B1229D7136D00DFB563 /* MazeScene.swift */; };
		4C7EE90A29E43778009C0A0B /* InitialView.swift in Sources */ = {isa = PBXBuildFile; fileRef = 4C7EE90929E43778009C0A0B /* InitialView.swift */; };
		FE47713229E5788400764380 /* MazeModel.swift in Sources */ = {isa = PBXBuildFile; fileRef = FE47713129E5788400764380 /* MazeModel.swift */; };
		FE47713629E583CD00764380 /* SKScene.swift in Sources */ = {isa = PBXBuildFile; fileRef = FE47713529E583CD00764380 /* SKScene.swift */; };
		FED8A9B529D5A82E00457F14 /* PeterJourneyApp.swift in Sources */ = {isa = PBXBuildFile; fileRef = FED8A9B429D5A82E00457F14 /* PeterJourneyApp.swift */; };
		FED8A9BD29D5A82E00457F14 /* MazeView.swift in Sources */ = {isa = PBXBuildFile; fileRef = FED8A9BC29D5A82E00457F14 /* MazeView.swift */; };
		FED8A9C229D5A82F00457F14 /* Assets.xcassets in Resources */ = {isa = PBXBuildFile; fileRef = FED8A9C129D5A82F00457F14 /* Assets.xcassets */; };
		FED8A9C529D5A82F00457F14 /* LaunchScreen.storyboard in Resources */ = {isa = PBXBuildFile; fileRef = FED8A9C329D5A82F00457F14 /* LaunchScreen.storyboard */; };
		FED8A9D629D5AD2F00457F14 /* CircleNode.swift in Sources */ = {isa = PBXBuildFile; fileRef = FED8A9D529D5AD2F00457F14 /* CircleNode.swift */; };
		FED8A9D829D5AD7F00457F14 /* Maze.swift in Sources */ = {isa = PBXBuildFile; fileRef = FED8A9D729D5AD7F00457F14 /* Maze.swift */; };
/* End PBXBuildFile section */

/* Begin PBXContainerItemProxy section */
		146B2B1C29D71F4A00DFB563 /* PBXContainerItemProxy */ = {
			isa = PBXContainerItemProxy;
			containerPortal = FED8A9A929D5A82E00457F14 /* Project object */;
			proxyType = 1;
			remoteGlobalIDString = FED8A9B029D5A82E00457F14;
			remoteInfo = APetersJourney;
		};
/* End PBXContainerItemProxy section */

/* Begin PBXFileReference section */
		1434F5DE29DAFFFC00188C8F /* MazeTest.swift */ = {isa = PBXFileReference; lastKnownFileType = sourcecode.swift; path = MazeTest.swift; sourceTree = "<group>"; };
		1434F5E029DB10FE00188C8F /* Circle3DTest.swift */ = {isa = PBXFileReference; lastKnownFileType = sourcecode.swift; path = Circle3DTest.swift; sourceTree = "<group>"; };
		1434F5E229DB16A800188C8F /* SphereSKNodeTest.swift */ = {isa = PBXFileReference; lastKnownFileType = sourcecode.swift; path = SphereSKNodeTest.swift; sourceTree = "<group>"; };
		146B2B0E29D70E7100DFB563 /* Circle3D.swift */ = {isa = PBXFileReference; lastKnownFileType = sourcecode.swift; path = Circle3D.swift; sourceTree = "<group>"; };
		146B2B1029D70EBE00DFB563 /* SphereSKNode.swift */ = {isa = PBXFileReference; lastKnownFileType = sourcecode.swift; path = SphereSKNode.swift; sourceTree = "<group>"; };
		146B2B1229D7136D00DFB563 /* MazeScene.swift */ = {isa = PBXFileReference; lastKnownFileType = sourcecode.swift; path = MazeScene.swift; sourceTree = "<group>"; };
		146B2B1829D71F4A00DFB563 /* APetersJourneyTests.xctest */ = {isa = PBXFileReference; explicitFileType = wrapper.cfbundle; includeInIndex = 0; path = APetersJourneyTests.xctest; sourceTree = BUILT_PRODUCTS_DIR; };
		146B2B1A29D71F4A00DFB563 /* CircleNodeTest.swift */ = {isa = PBXFileReference; lastKnownFileType = sourcecode.swift; path = CircleNodeTest.swift; sourceTree = "<group>"; };
		4C7EE90929E43778009C0A0B /* InitialView.swift */ = {isa = PBXFileReference; lastKnownFileType = sourcecode.swift; path = InitialView.swift; sourceTree = "<group>"; };
		FE47713129E5788400764380 /* MazeModel.swift */ = {isa = PBXFileReference; lastKnownFileType = sourcecode.swift; path = MazeModel.swift; sourceTree = "<group>"; };
		FE47713529E583CD00764380 /* SKScene.swift */ = {isa = PBXFileReference; lastKnownFileType = sourcecode.swift; path = SKScene.swift; sourceTree = "<group>"; };
		FED8A9B129D5A82E00457F14 /* APetersJourney.app */ = {isa = PBXFileReference; explicitFileType = wrapper.application; includeInIndex = 0; path = APetersJourney.app; sourceTree = BUILT_PRODUCTS_DIR; };
		FED8A9B429D5A82E00457F14 /* PeterJourneyApp.swift */ = {isa = PBXFileReference; lastKnownFileType = sourcecode.swift; path = PeterJourneyApp.swift; sourceTree = "<group>"; };
		FED8A9BC29D5A82E00457F14 /* MazeView.swift */ = {isa = PBXFileReference; lastKnownFileType = sourcecode.swift; path = MazeView.swift; sourceTree = "<group>"; };
		FED8A9C129D5A82F00457F14 /* Assets.xcassets */ = {isa = PBXFileReference; lastKnownFileType = folder.assetcatalog; path = Assets.xcassets; sourceTree = "<group>"; };
		FED8A9C429D5A82F00457F14 /* Base */ = {isa = PBXFileReference; lastKnownFileType = file.storyboard; name = Base; path = Base.lproj/LaunchScreen.storyboard; sourceTree = "<group>"; };
		FED8A9D529D5AD2F00457F14 /* CircleNode.swift */ = {isa = PBXFileReference; lastKnownFileType = sourcecode.swift; path = CircleNode.swift; sourceTree = "<group>"; };
		FED8A9D729D5AD7F00457F14 /* Maze.swift */ = {isa = PBXFileReference; lastKnownFileType = sourcecode.swift; path = Maze.swift; sourceTree = "<group>"; };
/* End PBXFileReference section */

/* Begin PBXFrameworksBuildPhase section */
		146B2B1529D71F4A00DFB563 /* Frameworks */ = {
			isa = PBXFrameworksBuildPhase;
			buildActionMask = 2147483647;
			files = (
			);
			runOnlyForDeploymentPostprocessing = 0;
		};
/* End PBXFrameworksBuildPhase section */

/* Begin PBXGroup section */
		146B2B1929D71F4A00DFB563 /* APetersJourneyTests */ = {
			isa = PBXGroup;
			children = (
				146B2B1A29D71F4A00DFB563 /* CircleNodeTest.swift */,
				1434F5DE29DAFFFC00188C8F /* MazeTest.swift */,
				1434F5E029DB10FE00188C8F /* Circle3DTest.swift */,
				1434F5E229DB16A800188C8F /* SphereSKNodeTest.swift */,
			);
			path = APetersJourneyTests;
			sourceTree = "<group>";
		};
		FE47713029E5786200764380 /* Model */ = {
			isa = PBXGroup;
			children = (
				FE47713129E5788400764380 /* MazeModel.swift */,
			);
			name = Model;
			sourceTree = "<group>";
		};
		FE47713329E5839800764380 /* Extensions */ = {
			isa = PBXGroup;
			children = (
				FE47713529E583CD00764380 /* SKScene.swift */,
			);
			path = Extensions;
			sourceTree = "<group>";
		};
		FED8A9A829D5A82E00457F14 = {
			isa = PBXGroup;
			children = (
				FED8A9B329D5A82E00457F14 /* APetersJourney */,
				146B2B1929D71F4A00DFB563 /* APetersJourneyTests */,
				FED8A9B229D5A82E00457F14 /* Products */,
			);
			sourceTree = "<group>";
		};
		FED8A9B229D5A82E00457F14 /* Products */ = {
			isa = PBXGroup;
			children = (
				FED8A9B129D5A82E00457F14 /* APetersJourney.app */,
				146B2B1829D71F4A00DFB563 /* APetersJourneyTests.xctest */,
			);
			name = Products;
			sourceTree = "<group>";
		};
		FED8A9B329D5A82E00457F14 /* APetersJourney */ = {
			isa = PBXGroup;
			children = (
				FED8A9CB29D5A90200457F14 /* Resources */,
				FED8A9CC29D5A91400457F14 /* Application */,
				FED8A9CD29D5A91F00457F14 /* Presentation */,
				FED8A9CE29D5A92900457F14 /* Data */,
				FED8A9CF29D5A93300457F14 /* Domain */,
				FED8A9D029D5A93A00457F14 /* Utils */,
			);
			path = APetersJourney;
			sourceTree = "<group>";
		};
		FED8A9CB29D5A90200457F14 /* Resources */ = {
			isa = PBXGroup;
			children = (
				FED8A9C129D5A82F00457F14 /* Assets.xcassets */,
			);
			path = Resources;
			sourceTree = "<group>";
		};
		FED8A9CC29D5A91400457F14 /* Application */ = {
			isa = PBXGroup;
			children = (
				FED8A9B429D5A82E00457F14 /* PeterJourneyApp.swift */,
				FED8A9C329D5A82F00457F14 /* LaunchScreen.storyboard */,
			);
			path = Application;
			sourceTree = "<group>";
		};
		FED8A9CD29D5A91F00457F14 /* Presentation */ = {
			isa = PBXGroup;
			children = (
				FED8A9D129D5A9DB00457F14 /* Maze */,
			);
			path = Presentation;
			sourceTree = "<group>";
		};
		FED8A9CE29D5A92900457F14 /* Data */ = {
			isa = PBXGroup;
			children = (
			);
			path = Data;
			sourceTree = "<group>";
		};
		FED8A9CF29D5A93300457F14 /* Domain */ = {
			isa = PBXGroup;
			children = (
			);
			path = Domain;
			sourceTree = "<group>";
		};
		FED8A9D029D5A93A00457F14 /* Utils */ = {
			isa = PBXGroup;
			children = (
				FE47713329E5839800764380 /* Extensions */,
				FED8A9D529D5AD2F00457F14 /* CircleNode.swift */,
				FED8A9D729D5AD7F00457F14 /* Maze.swift */,
				146B2B0E29D70E7100DFB563 /* Circle3D.swift */,
				146B2B1029D70EBE00DFB563 /* SphereSKNode.swift */,
			);
			path = Utils;
			sourceTree = "<group>";
		};
		FED8A9D129D5A9DB00457F14 /* Maze */ = {
			isa = PBXGroup;
			children = (
				FE47713029E5786200764380 /* Model */,
				FED8A9D429D5A9F200457F14 /* View */,
				FED8A9D329D5A9EC00457F14 /* Controller */,
				FED8A9D229D5A9E400457F14 /* Scene */,
			);
			path = Maze;
			sourceTree = "<group>";
		};
		FED8A9D229D5A9E400457F14 /* Scene */ = {
			isa = PBXGroup;
			children = (
				146B2B1229D7136D00DFB563 /* MazeScene.swift */,
			);
			path = Scene;
			sourceTree = "<group>";
		};
		FED8A9D329D5A9EC00457F14 /* Controller */ = {
			isa = PBXGroup;
			children = (
			);
			path = Controller;
			sourceTree = "<group>";
		};
		FED8A9D429D5A9F200457F14 /* View */ = {
			isa = PBXGroup;
			children = (
				FED8A9BC29D5A82E00457F14 /* MazeView.swift */,
				4C7EE90929E43778009C0A0B /* InitialView.swift */,
			);
			path = View;
			sourceTree = "<group>";
		};
/* End PBXGroup section */

/* Begin PBXNativeTarget section */
		146B2B1729D71F4A00DFB563 /* APetersJourneyTests */ = {
			isa = PBXNativeTarget;
			buildConfigurationList = 146B2B1E29D71F4A00DFB563 /* Build configuration list for PBXNativeTarget "APetersJourneyTests" */;
			buildPhases = (
				146B2B1429D71F4A00DFB563 /* Sources */,
				146B2B1529D71F4A00DFB563 /* Frameworks */,
				146B2B1629D71F4A00DFB563 /* Resources */,
			);
			buildRules = (
			);
			dependencies = (
				146B2B1D29D71F4A00DFB563 /* PBXTargetDependency */,
			);
			name = APetersJourneyTests;
			productName = APetersJourneyTests;
			productReference = 146B2B1829D71F4A00DFB563 /* APetersJourneyTests.xctest */;
			productType = "com.apple.product-type.bundle.unit-test";
		};
		FED8A9B029D5A82E00457F14 /* APetersJourney */ = {
			isa = PBXNativeTarget;
			buildConfigurationList = FED8A9C829D5A82F00457F14 /* Build configuration list for PBXNativeTarget "APetersJourney" */;
			buildPhases = (
				FED8A9AD29D5A82E00457F14 /* Sources */,
				FED8A9AF29D5A82E00457F14 /* Resources */,
				FED8A9DB29D5BBBC00457F14 /* ShellScript */,
			);
			buildRules = (
			);
			dependencies = (
			);
			name = APetersJourney;
			productName = "A Peter's Journey";
			productReference = FED8A9B129D5A82E00457F14 /* APetersJourney.app */;
			productType = "com.apple.product-type.application";
		};
/* End PBXNativeTarget section */

/* Begin PBXProject section */
		FED8A9A929D5A82E00457F14 /* Project object */ = {
			isa = PBXProject;
			attributes = {
				BuildIndependentTargetsInParallel = 1;
				LastSwiftUpdateCheck = 1420;
				LastUpgradeCheck = 1420;
				TargetAttributes = {
					146B2B1729D71F4A00DFB563 = {
						CreatedOnToolsVersion = 14.2;
						TestTargetID = FED8A9B029D5A82E00457F14;
					};
					FED8A9B029D5A82E00457F14 = {
						CreatedOnToolsVersion = 14.2;
					};
				};
			};
			buildConfigurationList = FED8A9AC29D5A82E00457F14 /* Build configuration list for PBXProject "APetersJourney" */;
			compatibilityVersion = "Xcode 14.0";
			developmentRegion = en;
			hasScannedForEncodings = 0;
			knownRegions = (
				en,
				Base,
			);
			mainGroup = FED8A9A829D5A82E00457F14;
			productRefGroup = FED8A9B229D5A82E00457F14 /* Products */;
			projectDirPath = "";
			projectRoot = "";
			targets = (
				FED8A9B029D5A82E00457F14 /* APetersJourney */,
				146B2B1729D71F4A00DFB563 /* APetersJourneyTests */,
			);
		};
/* End PBXProject section */

/* Begin PBXResourcesBuildPhase section */
		146B2B1629D71F4A00DFB563 /* Resources */ = {
			isa = PBXResourcesBuildPhase;
			buildActionMask = 2147483647;
			files = (
			);
			runOnlyForDeploymentPostprocessing = 0;
		};
		FED8A9AF29D5A82E00457F14 /* Resources */ = {
			isa = PBXResourcesBuildPhase;
			buildActionMask = 2147483647;
			files = (
				FED8A9C229D5A82F00457F14 /* Assets.xcassets in Resources */,
				FED8A9C529D5A82F00457F14 /* LaunchScreen.storyboard in Resources */,
			);
			runOnlyForDeploymentPostprocessing = 0;
		};
/* End PBXResourcesBuildPhase section */

/* Begin PBXShellScriptBuildPhase section */
		FED8A9DB29D5BBBC00457F14 /* ShellScript */ = {
			isa = PBXShellScriptBuildPhase;
			alwaysOutOfDate = 1;
			buildActionMask = 2147483647;
			files = (
			);
			inputFileListPaths = (
			);
			inputPaths = (
			);
			outputFileListPaths = (
			);
			outputPaths = (
			);
			runOnlyForDeploymentPostprocessing = 0;
			shellPath = /bin/sh;
			shellScript = "export PATH=\"$PATH:/opt/homebrew/bin\"\nif which swiftlint > /dev/null; then\n  swiftlint\nelse\n  echo \"warning: SwiftLint not installed, download from https://github.com/realm/SwiftLint\"\nfi\n";
		};
/* End PBXShellScriptBuildPhase section */

/* Begin PBXSourcesBuildPhase section */
		146B2B1429D71F4A00DFB563 /* Sources */ = {
			isa = PBXSourcesBuildPhase;
			buildActionMask = 2147483647;
			files = (
				1434F5DB29DAFB5B00188C8F /* SphereSKNode.swift in Sources */,
				146B2B1B29D71F4A00DFB563 /* CircleNodeTest.swift in Sources */,
				146B2B2229D722D300DFB563 /* MazeScene.swift in Sources */,
				1434F5DC29DAFB5B00188C8F /* CircleNode.swift in Sources */,
				1434F5DA29DAFB5B00188C8F /* Circle3D.swift in Sources */,
				1434F5E329DB16A800188C8F /* SphereSKNodeTest.swift in Sources */,
				1434F5DF29DAFFFC00188C8F /* MazeTest.swift in Sources */,
				1434F5E129DB10FE00188C8F /* Circle3DTest.swift in Sources */,
				1434F5D929DAFB5B00188C8F /* Maze.swift in Sources */,
			);
			runOnlyForDeploymentPostprocessing = 0;
		};
		FED8A9AD29D5A82E00457F14 /* Sources */ = {
			isa = PBXSourcesBuildPhase;
			buildActionMask = 2147483647;
			files = (
				FED8A9BD29D5A82E00457F14 /* MazeView.swift in Sources */,
				4C7EE90A29E43778009C0A0B /* InitialView.swift in Sources */,
				FED8A9B529D5A82E00457F14 /* PeterJourneyApp.swift in Sources */,
				146B2B1329D7136D00DFB563 /* MazeScene.swift in Sources */,
				FE47713629E583CD00764380 /* SKScene.swift in Sources */,
				FED8A9D629D5AD2F00457F14 /* CircleNode.swift in Sources */,
				146B2B0F29D70E7100DFB563 /* Circle3D.swift in Sources */,
				FED8A9D829D5AD7F00457F14 /* Maze.swift in Sources */,
				146B2B1129D70EBE00DFB563 /* SphereSKNode.swift in Sources */,
				FE47713229E5788400764380 /* MazeModel.swift in Sources */,
			);
			runOnlyForDeploymentPostprocessing = 0;
		};
/* End PBXSourcesBuildPhase section */

/* Begin PBXTargetDependency section */
		146B2B1D29D71F4A00DFB563 /* PBXTargetDependency */ = {
			isa = PBXTargetDependency;
			target = FED8A9B029D5A82E00457F14 /* APetersJourney */;
			targetProxy = 146B2B1C29D71F4A00DFB563 /* PBXContainerItemProxy */;
		};
/* End PBXTargetDependency section */

/* Begin PBXVariantGroup section */
		FED8A9C329D5A82F00457F14 /* LaunchScreen.storyboard */ = {
			isa = PBXVariantGroup;
			children = (
				FED8A9C429D5A82F00457F14 /* Base */,
			);
			name = LaunchScreen.storyboard;
			sourceTree = "<group>";
		};
/* End PBXVariantGroup section */

/* Begin XCBuildConfiguration section */
		146B2B1F29D71F4A00DFB563 /* Debug */ = {
			isa = XCBuildConfiguration;
			buildSettings = {
				BUNDLE_LOADER = "$(TEST_HOST)";
				CODE_SIGN_STYLE = Automatic;
				CURRENT_PROJECT_VERSION = 1;
				DEVELOPMENT_TEAM = 7P3G4Y9CSP;
				GENERATE_INFOPLIST_FILE = YES;
				MARKETING_VERSION = 1.0;
				PRODUCT_BUNDLE_IDENTIFIER = "Marcelo-de-Arau-jo.APetersJourneyTests";
				PRODUCT_NAME = "$(TARGET_NAME)";
				SWIFT_EMIT_LOC_STRINGS = NO;
				SWIFT_VERSION = 5.0;
				TARGETED_DEVICE_FAMILY = "1,2";
				TEST_HOST = "$(BUILT_PRODUCTS_DIR)/APetersJourney.app/$(BUNDLE_EXECUTABLE_FOLDER_PATH)/APetersJourney";
			};
			name = Debug;
		};
		146B2B2029D71F4A00DFB563 /* Release */ = {
			isa = XCBuildConfiguration;
			buildSettings = {
				BUNDLE_LOADER = "$(TEST_HOST)";
				CODE_SIGN_STYLE = Automatic;
				CURRENT_PROJECT_VERSION = 1;
				DEVELOPMENT_TEAM = 7P3G4Y9CSP;
				GENERATE_INFOPLIST_FILE = YES;
				MARKETING_VERSION = 1.0;
				PRODUCT_BUNDLE_IDENTIFIER = "Marcelo-de-Arau-jo.APetersJourneyTests";
				PRODUCT_NAME = "$(TARGET_NAME)";
				SWIFT_EMIT_LOC_STRINGS = NO;
				SWIFT_VERSION = 5.0;
				TARGETED_DEVICE_FAMILY = "1,2";
				TEST_HOST = "$(BUILT_PRODUCTS_DIR)/APetersJourney.app/$(BUNDLE_EXECUTABLE_FOLDER_PATH)/APetersJourney";
			};
			name = Release;
		};
		FED8A9C629D5A82F00457F14 /* Debug */ = {
			isa = XCBuildConfiguration;
			buildSettings = {
				ALWAYS_SEARCH_USER_PATHS = NO;
				CLANG_ANALYZER_NONNULL = YES;
				CLANG_ANALYZER_NUMBER_OBJECT_CONVERSION = YES_AGGRESSIVE;
				CLANG_CXX_LANGUAGE_STANDARD = "gnu++20";
				CLANG_ENABLE_MODULES = YES;
				CLANG_ENABLE_OBJC_ARC = YES;
				CLANG_ENABLE_OBJC_WEAK = YES;
				CLANG_WARN_BLOCK_CAPTURE_AUTORELEASING = YES;
				CLANG_WARN_BOOL_CONVERSION = YES;
				CLANG_WARN_COMMA = YES;
				CLANG_WARN_CONSTANT_CONVERSION = YES;
				CLANG_WARN_DEPRECATED_OBJC_IMPLEMENTATIONS = YES;
				CLANG_WARN_DIRECT_OBJC_ISA_USAGE = YES_ERROR;
				CLANG_WARN_DOCUMENTATION_COMMENTS = YES;
				CLANG_WARN_EMPTY_BODY = YES;
				CLANG_WARN_ENUM_CONVERSION = YES;
				CLANG_WARN_INFINITE_RECURSION = YES;
				CLANG_WARN_INT_CONVERSION = YES;
				CLANG_WARN_NON_LITERAL_NULL_CONVERSION = YES;
				CLANG_WARN_OBJC_IMPLICIT_RETAIN_SELF = YES;
				CLANG_WARN_OBJC_LITERAL_CONVERSION = YES;
				CLANG_WARN_OBJC_ROOT_CLASS = YES_ERROR;
				CLANG_WARN_QUOTED_INCLUDE_IN_FRAMEWORK_HEADER = YES;
				CLANG_WARN_RANGE_LOOP_ANALYSIS = YES;
				CLANG_WARN_STRICT_PROTOTYPES = YES;
				CLANG_WARN_SUSPICIOUS_MOVE = YES;
				CLANG_WARN_UNGUARDED_AVAILABILITY = YES_AGGRESSIVE;
				CLANG_WARN_UNREACHABLE_CODE = YES;
				CLANG_WARN__DUPLICATE_METHOD_MATCH = YES;
				COPY_PHASE_STRIP = NO;
				DEBUG_INFORMATION_FORMAT = dwarf;
				ENABLE_STRICT_OBJC_MSGSEND = YES;
				ENABLE_TESTABILITY = YES;
				GCC_C_LANGUAGE_STANDARD = gnu11;
				GCC_DYNAMIC_NO_PIC = NO;
				GCC_NO_COMMON_BLOCKS = YES;
				GCC_OPTIMIZATION_LEVEL = 0;
				GCC_PREPROCESSOR_DEFINITIONS = (
					"DEBUG=1",
					"$(inherited)",
				);
				GCC_WARN_64_TO_32_BIT_CONVERSION = YES;
				GCC_WARN_ABOUT_RETURN_TYPE = YES_ERROR;
				GCC_WARN_UNDECLARED_SELECTOR = YES;
				GCC_WARN_UNINITIALIZED_AUTOS = YES_AGGRESSIVE;
				GCC_WARN_UNUSED_FUNCTION = YES;
				GCC_WARN_UNUSED_VARIABLE = YES;
				IPHONEOS_DEPLOYMENT_TARGET = 16.2;
				MTL_ENABLE_DEBUG_INFO = INCLUDE_SOURCE;
				MTL_FAST_MATH = YES;
				ONLY_ACTIVE_ARCH = YES;
				SDKROOT = iphoneos;
				SWIFT_ACTIVE_COMPILATION_CONDITIONS = DEBUG;
				SWIFT_OPTIMIZATION_LEVEL = "-Onone";
			};
			name = Debug;
		};
		FED8A9C729D5A82F00457F14 /* Release */ = {
			isa = XCBuildConfiguration;
			buildSettings = {
				ALWAYS_SEARCH_USER_PATHS = NO;
				CLANG_ANALYZER_NONNULL = YES;
				CLANG_ANALYZER_NUMBER_OBJECT_CONVERSION = YES_AGGRESSIVE;
				CLANG_CXX_LANGUAGE_STANDARD = "gnu++20";
				CLANG_ENABLE_MODULES = YES;
				CLANG_ENABLE_OBJC_ARC = YES;
				CLANG_ENABLE_OBJC_WEAK = YES;
				CLANG_WARN_BLOCK_CAPTURE_AUTORELEASING = YES;
				CLANG_WARN_BOOL_CONVERSION = YES;
				CLANG_WARN_COMMA = YES;
				CLANG_WARN_CONSTANT_CONVERSION = YES;
				CLANG_WARN_DEPRECATED_OBJC_IMPLEMENTATIONS = YES;
				CLANG_WARN_DIRECT_OBJC_ISA_USAGE = YES_ERROR;
				CLANG_WARN_DOCUMENTATION_COMMENTS = YES;
				CLANG_WARN_EMPTY_BODY = YES;
				CLANG_WARN_ENUM_CONVERSION = YES;
				CLANG_WARN_INFINITE_RECURSION = YES;
				CLANG_WARN_INT_CONVERSION = YES;
				CLANG_WARN_NON_LITERAL_NULL_CONVERSION = YES;
				CLANG_WARN_OBJC_IMPLICIT_RETAIN_SELF = YES;
				CLANG_WARN_OBJC_LITERAL_CONVERSION = YES;
				CLANG_WARN_OBJC_ROOT_CLASS = YES_ERROR;
				CLANG_WARN_QUOTED_INCLUDE_IN_FRAMEWORK_HEADER = YES;
				CLANG_WARN_RANGE_LOOP_ANALYSIS = YES;
				CLANG_WARN_STRICT_PROTOTYPES = YES;
				CLANG_WARN_SUSPICIOUS_MOVE = YES;
				CLANG_WARN_UNGUARDED_AVAILABILITY = YES_AGGRESSIVE;
				CLANG_WARN_UNREACHABLE_CODE = YES;
				CLANG_WARN__DUPLICATE_METHOD_MATCH = YES;
				COPY_PHASE_STRIP = NO;
				DEBUG_INFORMATION_FORMAT = "dwarf-with-dsym";
				ENABLE_NS_ASSERTIONS = NO;
				ENABLE_STRICT_OBJC_MSGSEND = YES;
				GCC_C_LANGUAGE_STANDARD = gnu11;
				GCC_NO_COMMON_BLOCKS = YES;
				GCC_WARN_64_TO_32_BIT_CONVERSION = YES;
				GCC_WARN_ABOUT_RETURN_TYPE = YES_ERROR;
				GCC_WARN_UNDECLARED_SELECTOR = YES;
				GCC_WARN_UNINITIALIZED_AUTOS = YES_AGGRESSIVE;
				GCC_WARN_UNUSED_FUNCTION = YES;
				GCC_WARN_UNUSED_VARIABLE = YES;
				IPHONEOS_DEPLOYMENT_TARGET = 16.2;
				MTL_ENABLE_DEBUG_INFO = NO;
				MTL_FAST_MATH = YES;
				SDKROOT = iphoneos;
				SWIFT_COMPILATION_MODE = wholemodule;
				SWIFT_OPTIMIZATION_LEVEL = "-O";
				VALIDATE_PRODUCT = YES;
			};
			name = Release;
		};
		FED8A9C929D5A82F00457F14 /* Debug */ = {
			isa = XCBuildConfiguration;
			buildSettings = {
				ASSETCATALOG_COMPILER_APPICON_NAME = AppIcon;
				ASSETCATALOG_COMPILER_GLOBAL_ACCENT_COLOR_NAME = AccentColor;
				CODE_SIGN_STYLE = Automatic;
				CURRENT_PROJECT_VERSION = 1;
				DEVELOPMENT_TEAM = DVX5N2U74F;
				GENERATE_INFOPLIST_FILE = YES;
				INFOPLIST_KEY_CFBundleDisplayName = "A Peter's Journey";
				INFOPLIST_KEY_UIApplicationSupportsIndirectInputEvents = YES;
				INFOPLIST_KEY_UILaunchStoryboardName = LaunchScreen;
				INFOPLIST_KEY_UIRequiresFullScreen = YES;
				INFOPLIST_KEY_UIStatusBarHidden = YES;
				INFOPLIST_KEY_UISupportedInterfaceOrientations = UIInterfaceOrientationLandscapeRight;
				IPHONEOS_DEPLOYMENT_TARGET = 16.0;
				LD_RUNPATH_SEARCH_PATHS = (
					"$(inherited)",
					"@executable_path/Frameworks",
				);
				MARKETING_VERSION = 1.0;
				PRODUCT_BUNDLE_IDENTIFIER = robson.APetersJourney;
				PRODUCT_NAME = "$(TARGET_NAME)";
				SUPPORTED_PLATFORMS = "iphoneos iphonesimulator";
				SUPPORTS_MACCATALYST = NO;
				SUPPORTS_MAC_DESIGNED_FOR_IPHONE_IPAD = NO;
				SWIFT_EMIT_LOC_STRINGS = YES;
				SWIFT_VERSION = 5.0;
				TARGETED_DEVICE_FAMILY = "1,2";
			};
			name = Debug;
		};
		FED8A9CA29D5A82F00457F14 /* Release */ = {
			isa = XCBuildConfiguration;
			buildSettings = {
				ASSETCATALOG_COMPILER_APPICON_NAME = AppIcon;
				ASSETCATALOG_COMPILER_GLOBAL_ACCENT_COLOR_NAME = AccentColor;
				CODE_SIGN_STYLE = Automatic;
				CURRENT_PROJECT_VERSION = 1;
				DEVELOPMENT_TEAM = DVX5N2U74F;
				GENERATE_INFOPLIST_FILE = YES;
				INFOPLIST_KEY_CFBundleDisplayName = "A Peter's Journey";
				INFOPLIST_KEY_UIApplicationSupportsIndirectInputEvents = YES;
				INFOPLIST_KEY_UILaunchStoryboardName = LaunchScreen;
				INFOPLIST_KEY_UIRequiresFullScreen = YES;
				INFOPLIST_KEY_UIStatusBarHidden = YES;
				INFOPLIST_KEY_UISupportedInterfaceOrientations = UIInterfaceOrientationLandscapeRight;
				IPHONEOS_DEPLOYMENT_TARGET = 16.0;
				LD_RUNPATH_SEARCH_PATHS = (
					"$(inherited)",
					"@executable_path/Frameworks",
				);
				MARKETING_VERSION = 1.0;
				PRODUCT_BUNDLE_IDENTIFIER = robson.APetersJourney;
				PRODUCT_NAME = "$(TARGET_NAME)";
				SUPPORTED_PLATFORMS = "iphoneos iphonesimulator";
				SUPPORTS_MACCATALYST = NO;
				SUPPORTS_MAC_DESIGNED_FOR_IPHONE_IPAD = NO;
				SWIFT_EMIT_LOC_STRINGS = YES;
				SWIFT_VERSION = 5.0;
				TARGETED_DEVICE_FAMILY = "1,2";
			};
			name = Release;
		};
/* End XCBuildConfiguration section */

/* Begin XCConfigurationList section */
		146B2B1E29D71F4A00DFB563 /* Build configuration list for PBXNativeTarget "APetersJourneyTests" */ = {
			isa = XCConfigurationList;
			buildConfigurations = (
				146B2B1F29D71F4A00DFB563 /* Debug */,
				146B2B2029D71F4A00DFB563 /* Release */,
			);
			defaultConfigurationIsVisible = 0;
			defaultConfigurationName = Release;
		};
		FED8A9AC29D5A82E00457F14 /* Build configuration list for PBXProject "APetersJourney" */ = {
			isa = XCConfigurationList;
			buildConfigurations = (
				FED8A9C629D5A82F00457F14 /* Debug */,
				FED8A9C729D5A82F00457F14 /* Release */,
			);
			defaultConfigurationIsVisible = 0;
			defaultConfigurationName = Release;
		};
		FED8A9C829D5A82F00457F14 /* Build configuration list for PBXNativeTarget "APetersJourney" */ = {
			isa = XCConfigurationList;
			buildConfigurations = (
				FED8A9C929D5A82F00457F14 /* Debug */,
				FED8A9CA29D5A82F00457F14 /* Release */,
			);
			defaultConfigurationIsVisible = 0;
			defaultConfigurationName = Release;
		};
/* End XCConfigurationList section */
	};
	rootObject = FED8A9A929D5A82E00457F14 /* Project object */;
}
